
Microsoft Visual Studio Solution File, Format Version 12.00
# Visual Studio Version 16
VisualStudioVersion = 16.0.31205.134
MinimumVisualStudioVersion = 10.0.40219.1
Project("{FAE04EC0-301F-11D3-BF4B-00C04F79EFBC}") = "EmployeeCaseStatement", "EmployeeCaseStatement\EmployeeCaseStatement.csproj", "{C2B84147-A716-4368-823A-D6F8B51D5141}"
EndProject
Global
	GlobalSection(SolutionConfigurationPlatforms) = preSolution
		Debug|Any CPU = Debug|Any CPU
		Release|Any CPU = Release|Any CPU
	EndGlobalSection
	GlobalSection(ProjectConfigurationPlatforms) = postSolution
		{C2B84147-A716-4368-823A-D6F8B51D5141}.Debug|Any CPU.ActiveCfg = Debug|Any CPU
		{C2B84147-A716-4368-823A-D6F8B51D5141}.Debug|Any CPU.Build.0 = Debug|Any CPU
		{C2B84147-A716-4368-823A-D6F8B51D5141}.Release|Any CPU.ActiveCfg = Release|Any CPU
		{C2B84147-A716-4368-823A-D6F8B51D5141}.Release|Any CPU.Build.0 = Release|Any CPU
	EndGlobalSection
	GlobalSection(SolutionProperties) = preSolution
		HideSolutionNode = FALSE
	EndGlobalSection
	GlobalSection(ExtensibilityGlobals) = postSolution
		SolutionGuid = {4A51A1A2-9633-447A-9891-9809E0C19BC8}
	EndGlobalSection
EndGlobal
